
Microsoft Visual Studio Solution File, Format Version 12.00
# Visual Studio Version 16
VisualStudioVersion = 16.0.31112.23
MinimumVisualStudioVersion = 10.0.40219.1
Project("{8BC9CEB8-8B4A-11D0-8D11-00A0C91BC942}") = "ProboyV16", "ProboyV16.vcxproj", "{EC47A15D-BF01-4D14-AC04-02BC44761A27}"
EndProject
Global
	GlobalSection(SolutionConfigurationPlatforms) = preSolution
		Debug|x64 = Debug|x64
		Debug|x86 = Debug|x86
		Release|x64 = Release|x64
		Release|x86 = Release|x86
	EndGlobalSection
	GlobalSection(ProjectConfigurationPlatforms) = postSolution
		{EC47A15D-BF01-4D14-AC04-02BC44761A27}.Debug|x64.ActiveCfg = Debug|x64
		{EC47A15D-BF01-4D14-AC04-02BC44761A27}.Debug|x64.Build.0 = Debug|x64
		{EC47A15D-BF01-4D14-AC04-02BC44761A27}.Debug|x86.ActiveCfg = Debug|Win32
		{EC47A15D-BF01-4D14-AC04-02BC44761A27}.Debug|x86.Build.0 = Debug|Win32
		{EC47A15D-BF01-4D14-AC04-02BC44761A27}.Release|x64.ActiveCfg = Release|x64
		{EC47A15D-BF01-4D14-AC04-02BC44761A27}.Release|x64.Build.0 = Release|x64
		{EC47A15D-BF01-4D14-AC04-02BC44761A27}.Release|x86.ActiveCfg = Release|Win32
		{EC47A15D-BF01-4D14-AC04-02BC44761A27}.Release|x86.Build.0 = Release|Win32
	EndGlobalSection
	GlobalSection(SolutionProperties) = preSolution
		HideSolutionNode = FALSE
	EndGlobalSection
	GlobalSection(ExtensibilityGlobals) = postSolution
		SolutionGuid = {D410560D-5023-4A99-8E61-E57597A1EA37}
	EndGlobalSection
EndGlobal
